
Microsoft Visual Studio Solution File, Format Version 12.00
# Visual Studio Version 16
VisualStudioVersion = 16.0.29519.87
MinimumVisualStudioVersion = 10.0.40219.1
Project("{9A19103F-16F7-4668-BE54-9A1E7A4F7556}") = "Processor", "Processor\Processor.csproj", "{F46D0ADD-EE98-4533-A672-AED74EE4B5B7}"
EndProject
Project("{9A19103F-16F7-4668-BE54-9A1E7A4F7556}") = "Processor.UnitTests", "Processor.UnitTests\Processor.UnitTests.csproj", "{9CA121DA-5FC3-4613-8F7E-9AA5BA28F87C}"
	ProjectSection(ProjectDependencies) = postProject
		{F46D0ADD-EE98-4533-A672-AED74EE4B5B7} = {F46D0ADD-EE98-4533-A672-AED74EE4B5B7}
	EndProjectSection
EndProject
Project("{FAE04EC0-301F-11D3-BF4B-00C04F79EFBC}") = "BreadBoard", "BreadBoard\BreadBoard.csproj", "{1A20DFA5-4FF7-4553-A92C-E291FDFAAD95}"
EndProject
Project("{FAE04EC0-301F-11D3-BF4B-00C04F79EFBC}") = "BreadBoard.UnitTests", "BreadBoard.UnitTests\BreadBoard.UnitTests.csproj", "{D57A376F-6EB9-463A-9ACE-D635511AC45D}"
EndProject
Project("{2150E333-8FDC-42A3-9474-1A3956D46DE8}") = "UT", "UT", "{495CC57C-4725-4825-A12E-14A6132F0FA1}"
EndProject
Project("{FAE04EC0-301F-11D3-BF4B-00C04F79EFBC}") = "Memory", "Memory\Memory.csproj", "{30C9EB5F-7600-4644-8B6C-930F65FD72A6}"
EndProject
Global
	GlobalSection(SolutionConfigurationPlatforms) = preSolution
		Debug|Any CPU = Debug|Any CPU
		Release|Any CPU = Release|Any CPU
	EndGlobalSection
	GlobalSection(ProjectConfigurationPlatforms) = postSolution
		{F46D0ADD-EE98-4533-A672-AED74EE4B5B7}.Debug|Any CPU.ActiveCfg = Debug|Any CPU
		{F46D0ADD-EE98-4533-A672-AED74EE4B5B7}.Debug|Any CPU.Build.0 = Debug|Any CPU
		{F46D0ADD-EE98-4533-A672-AED74EE4B5B7}.Release|Any CPU.ActiveCfg = Release|Any CPU
		{F46D0ADD-EE98-4533-A672-AED74EE4B5B7}.Release|Any CPU.Build.0 = Release|Any CPU
		{9CA121DA-5FC3-4613-8F7E-9AA5BA28F87C}.Debug|Any CPU.ActiveCfg = Debug|Any CPU
		{9CA121DA-5FC3-4613-8F7E-9AA5BA28F87C}.Debug|Any CPU.Build.0 = Debug|Any CPU
		{9CA121DA-5FC3-4613-8F7E-9AA5BA28F87C}.Release|Any CPU.ActiveCfg = Release|Any CPU
		{9CA121DA-5FC3-4613-8F7E-9AA5BA28F87C}.Release|Any CPU.Build.0 = Release|Any CPU
		{1A20DFA5-4FF7-4553-A92C-E291FDFAAD95}.Debug|Any CPU.ActiveCfg = Debug|Any CPU
		{1A20DFA5-4FF7-4553-A92C-E291FDFAAD95}.Debug|Any CPU.Build.0 = Debug|Any CPU
		{1A20DFA5-4FF7-4553-A92C-E291FDFAAD95}.Release|Any CPU.ActiveCfg = Release|Any CPU
		{1A20DFA5-4FF7-4553-A92C-E291FDFAAD95}.Release|Any CPU.Build.0 = Release|Any CPU
		{D57A376F-6EB9-463A-9ACE-D635511AC45D}.Debug|Any CPU.ActiveCfg = Debug|Any CPU
		{D57A376F-6EB9-463A-9ACE-D635511AC45D}.Debug|Any CPU.Build.0 = Debug|Any CPU
		{D57A376F-6EB9-463A-9ACE-D635511AC45D}.Release|Any CPU.ActiveCfg = Release|Any CPU
		{D57A376F-6EB9-463A-9ACE-D635511AC45D}.Release|Any CPU.Build.0 = Release|Any CPU
		{30C9EB5F-7600-4644-8B6C-930F65FD72A6}.Debug|Any CPU.ActiveCfg = Debug|Any CPU
		{30C9EB5F-7600-4644-8B6C-930F65FD72A6}.Debug|Any CPU.Build.0 = Debug|Any CPU
		{30C9EB5F-7600-4644-8B6C-930F65FD72A6}.Release|Any CPU.ActiveCfg = Release|Any CPU
		{30C9EB5F-7600-4644-8B6C-930F65FD72A6}.Release|Any CPU.Build.0 = Release|Any CPU
	EndGlobalSection
	GlobalSection(SolutionProperties) = preSolution
		HideSolutionNode = FALSE
	EndGlobalSection
	GlobalSection(NestedProjects) = preSolution
		{9CA121DA-5FC3-4613-8F7E-9AA5BA28F87C} = {495CC57C-4725-4825-A12E-14A6132F0FA1}
		{D57A376F-6EB9-463A-9ACE-D635511AC45D} = {495CC57C-4725-4825-A12E-14A6132F0FA1}
	EndGlobalSection
	GlobalSection(ExtensibilityGlobals) = postSolution
		SolutionGuid = {C34DA332-F425-4D15-B752-1A38872907D3}
	EndGlobalSection
EndGlobal
